
Microsoft Visual Studio Solution File, Format Version 12.00
# Visual Studio Version 16
VisualStudioVersion = 16.0.30104.148
MinimumVisualStudioVersion = 10.0.40219.1
Project("{2150E333-8FDC-42A3-9474-1A3956D46DE8}") = "Services", "Services", "{0B72B0D4-BD40-43F3-8AFD-0D4E620EF362}"
EndProject
Project("{2150E333-8FDC-42A3-9474-1A3956D46DE8}") = "Catalog", "Catalog", "{9DA6CF4A-F4C3-4AB5-B455-A34A2694A712}"
EndProject
Project("{FAE04EC0-301F-11D3-BF4B-00C04F79EFBC}") = "Catalog.API", "Services\Catalog\Catalog.API\Catalog.API.csproj", "{B441BC11-9312-4E9D-A03C-28DA686A44B6}"
EndProject
Global
	GlobalSection(SolutionConfigurationPlatforms) = preSolution
		Debug|Any CPU = Debug|Any CPU
		Release|Any CPU = Release|Any CPU
	EndGlobalSection
	GlobalSection(ProjectConfigurationPlatforms) = postSolution
		{B441BC11-9312-4E9D-A03C-28DA686A44B6}.Debug|Any CPU.ActiveCfg = Debug|Any CPU
		{B441BC11-9312-4E9D-A03C-28DA686A44B6}.Debug|Any CPU.Build.0 = Debug|Any CPU
		{B441BC11-9312-4E9D-A03C-28DA686A44B6}.Release|Any CPU.ActiveCfg = Release|Any CPU
		{B441BC11-9312-4E9D-A03C-28DA686A44B6}.Release|Any CPU.Build.0 = Release|Any CPU
	EndGlobalSection
	GlobalSection(SolutionProperties) = preSolution
		HideSolutionNode = FALSE
	EndGlobalSection
	GlobalSection(NestedProjects) = preSolution
		{9DA6CF4A-F4C3-4AB5-B455-A34A2694A712} = {0B72B0D4-BD40-43F3-8AFD-0D4E620EF362}
		{B441BC11-9312-4E9D-A03C-28DA686A44B6} = {9DA6CF4A-F4C3-4AB5-B455-A34A2694A712}
	EndGlobalSection
	GlobalSection(ExtensibilityGlobals) = postSolution
		SolutionGuid = {35AC430D-80F1-4F29-AE09-D9D509C859A1}
	EndGlobalSection
EndGlobal
