
Microsoft Visual Studio Solution File, Format Version 12.00
# Visual Studio Version 16
VisualStudioVersion = 16.0.30104.148
MinimumVisualStudioVersion = 10.0.40219.1
Project("{2150E333-8FDC-42A3-9474-1A3956D46DE8}") = "Services", "Services", "{0B72B0D4-BD40-43F3-8AFD-0D4E620EF362}"
EndProject
Project("{2150E333-8FDC-42A3-9474-1A3956D46DE8}") = "Catalog", "Catalog", "{9DA6CF4A-F4C3-4AB5-B455-A34A2694A712}"
EndProject
Project("{9A19103F-16F7-4668-BE54-9A1E7A4F7556}") = "Catalog.API", "Services\Catalog\Catalog.API\Catalog.API.csproj", "{B441BC11-9312-4E9D-A03C-28DA686A44B6}"
EndProject
Project("{9A19103F-16F7-4668-BE54-9A1E7A4F7556}") = "WebCrawler", "Services\Catalog\WebCrawler\WebCrawler.csproj", "{E5B42CAA-1C21-420C-8DD4-F974F7DEA9F7}"
EndProject
Project("{9A19103F-16F7-4668-BE54-9A1E7A4F7556}") = "Catalog.Domain", "Services\Catalog\Catalog.Domain\Catalog.Domain.csproj", "{95CAD83D-11C1-412E-8A82-C2A74AA8ED4B}"
EndProject
Project("{2150E333-8FDC-42A3-9474-1A3956D46DE8}") = "Tests", "Tests", "{7A017021-5C3D-4063-9AAF-22FABE6174DE}"
EndProject
Project("{9A19103F-16F7-4668-BE54-9A1E7A4F7556}") = "WebCrawler.UnitTests", "Services\Catalog\Tests\WebCrawler.UnitTests\WebCrawler.UnitTests.csproj", "{44048EBF-D30A-401C-A781-AF687C0768F5}"
EndProject
Project("{2150E333-8FDC-42A3-9474-1A3956D46DE8}") = "Web Apps", "Web Apps", "{FA39AD83-D2B1-461C-A082-6161F78122AC}"
EndProject
Project("{9A19103F-16F7-4668-BE54-9A1E7A4F7556}") = "WebMVC", "Web Apps\WebMVC\WebMVC.csproj", "{E9800EA9-0AEA-486C-BC82-16422854D8B2}"
EndProject
Project("{E53339B2-1760-4266-BCC7-CA923CBCF16C}") = "docker-compose", "docker-compose.dcproj", "{97ABFD44-3A37-4272-B438-FD61073C93E8}"
EndProject
Project("{2150E333-8FDC-42A3-9474-1A3956D46DE8}") = "Planning", "Planning", "{775E3BB1-EF81-4805-AF3B-FE5D49A9FCBA}"
	ProjectSection(SolutionItems) = preProject
		feature planning.yaml = feature planning.yaml
	EndProjectSection
EndProject
Project("{2150E333-8FDC-42A3-9474-1A3956D46DE8}") = "Basket", "Basket", "{F6F9EE9B-0431-4F90-8C2C-A52AF8AB78B6}"
EndProject
Project("{9A19103F-16F7-4668-BE54-9A1E7A4F7556}") = "Basket.API", "Services\Basket\Basket.API\Basket.API.csproj", "{DBDD1B33-191A-4CA6-950F-DE2EC8A8776C}"
EndProject
Project("{2150E333-8FDC-42A3-9474-1A3956D46DE8}") = "Messaging", "Messaging", "{3BF81005-25B9-4D31-A906-38AAC3C9BAE9}"
EndProject
Project("{FAE04EC0-301F-11D3-BF4B-00C04F79EFBC}") = "EventBus", "Messaging\EventBus\EventBus.csproj", "{296AD621-A18D-440D-A24E-5934E317BB92}"
EndProject
Project("{FAE04EC0-301F-11D3-BF4B-00C04F79EFBC}") = "EventBusRabbitMQ", "Messaging\EventBusRabbitMQ\EventBusRabbitMQ.csproj", "{B7B25DAF-8758-4C3A-B19D-6FE3DED9B3BA}"
EndProject
Global
	GlobalSection(SolutionConfigurationPlatforms) = preSolution
		Debug|Any CPU = Debug|Any CPU
		Release|Any CPU = Release|Any CPU
	EndGlobalSection
	GlobalSection(ProjectConfigurationPlatforms) = postSolution
		{B441BC11-9312-4E9D-A03C-28DA686A44B6}.Debug|Any CPU.ActiveCfg = Debug|Any CPU
		{B441BC11-9312-4E9D-A03C-28DA686A44B6}.Debug|Any CPU.Build.0 = Debug|Any CPU
		{B441BC11-9312-4E9D-A03C-28DA686A44B6}.Release|Any CPU.ActiveCfg = Release|Any CPU
		{B441BC11-9312-4E9D-A03C-28DA686A44B6}.Release|Any CPU.Build.0 = Release|Any CPU
		{E5B42CAA-1C21-420C-8DD4-F974F7DEA9F7}.Debug|Any CPU.ActiveCfg = Debug|Any CPU
		{E5B42CAA-1C21-420C-8DD4-F974F7DEA9F7}.Debug|Any CPU.Build.0 = Debug|Any CPU
		{E5B42CAA-1C21-420C-8DD4-F974F7DEA9F7}.Release|Any CPU.ActiveCfg = Release|Any CPU
		{E5B42CAA-1C21-420C-8DD4-F974F7DEA9F7}.Release|Any CPU.Build.0 = Release|Any CPU
		{95CAD83D-11C1-412E-8A82-C2A74AA8ED4B}.Debug|Any CPU.ActiveCfg = Debug|Any CPU
		{95CAD83D-11C1-412E-8A82-C2A74AA8ED4B}.Debug|Any CPU.Build.0 = Debug|Any CPU
		{95CAD83D-11C1-412E-8A82-C2A74AA8ED4B}.Release|Any CPU.ActiveCfg = Release|Any CPU
		{95CAD83D-11C1-412E-8A82-C2A74AA8ED4B}.Release|Any CPU.Build.0 = Release|Any CPU
		{44048EBF-D30A-401C-A781-AF687C0768F5}.Debug|Any CPU.ActiveCfg = Debug|Any CPU
		{44048EBF-D30A-401C-A781-AF687C0768F5}.Debug|Any CPU.Build.0 = Debug|Any CPU
		{44048EBF-D30A-401C-A781-AF687C0768F5}.Release|Any CPU.ActiveCfg = Release|Any CPU
		{44048EBF-D30A-401C-A781-AF687C0768F5}.Release|Any CPU.Build.0 = Release|Any CPU
		{E9800EA9-0AEA-486C-BC82-16422854D8B2}.Debug|Any CPU.ActiveCfg = Debug|Any CPU
		{E9800EA9-0AEA-486C-BC82-16422854D8B2}.Debug|Any CPU.Build.0 = Debug|Any CPU
		{E9800EA9-0AEA-486C-BC82-16422854D8B2}.Release|Any CPU.ActiveCfg = Release|Any CPU
		{E9800EA9-0AEA-486C-BC82-16422854D8B2}.Release|Any CPU.Build.0 = Release|Any CPU
		{97ABFD44-3A37-4272-B438-FD61073C93E8}.Debug|Any CPU.ActiveCfg = Debug|Any CPU
		{97ABFD44-3A37-4272-B438-FD61073C93E8}.Debug|Any CPU.Build.0 = Debug|Any CPU
		{97ABFD44-3A37-4272-B438-FD61073C93E8}.Release|Any CPU.ActiveCfg = Release|Any CPU
		{97ABFD44-3A37-4272-B438-FD61073C93E8}.Release|Any CPU.Build.0 = Release|Any CPU
		{DBDD1B33-191A-4CA6-950F-DE2EC8A8776C}.Debug|Any CPU.ActiveCfg = Debug|Any CPU
		{DBDD1B33-191A-4CA6-950F-DE2EC8A8776C}.Debug|Any CPU.Build.0 = Debug|Any CPU
		{DBDD1B33-191A-4CA6-950F-DE2EC8A8776C}.Release|Any CPU.ActiveCfg = Release|Any CPU
		{DBDD1B33-191A-4CA6-950F-DE2EC8A8776C}.Release|Any CPU.Build.0 = Release|Any CPU
		{296AD621-A18D-440D-A24E-5934E317BB92}.Debug|Any CPU.ActiveCfg = Debug|Any CPU
		{296AD621-A18D-440D-A24E-5934E317BB92}.Debug|Any CPU.Build.0 = Debug|Any CPU
		{296AD621-A18D-440D-A24E-5934E317BB92}.Release|Any CPU.ActiveCfg = Release|Any CPU
		{296AD621-A18D-440D-A24E-5934E317BB92}.Release|Any CPU.Build.0 = Release|Any CPU
		{B7B25DAF-8758-4C3A-B19D-6FE3DED9B3BA}.Debug|Any CPU.ActiveCfg = Debug|Any CPU
		{B7B25DAF-8758-4C3A-B19D-6FE3DED9B3BA}.Debug|Any CPU.Build.0 = Debug|Any CPU
		{B7B25DAF-8758-4C3A-B19D-6FE3DED9B3BA}.Release|Any CPU.ActiveCfg = Release|Any CPU
		{B7B25DAF-8758-4C3A-B19D-6FE3DED9B3BA}.Release|Any CPU.Build.0 = Release|Any CPU
	EndGlobalSection
	GlobalSection(SolutionProperties) = preSolution
		HideSolutionNode = FALSE
	EndGlobalSection
	GlobalSection(NestedProjects) = preSolution
		{9DA6CF4A-F4C3-4AB5-B455-A34A2694A712} = {0B72B0D4-BD40-43F3-8AFD-0D4E620EF362}
		{B441BC11-9312-4E9D-A03C-28DA686A44B6} = {9DA6CF4A-F4C3-4AB5-B455-A34A2694A712}
		{E5B42CAA-1C21-420C-8DD4-F974F7DEA9F7} = {9DA6CF4A-F4C3-4AB5-B455-A34A2694A712}
		{95CAD83D-11C1-412E-8A82-C2A74AA8ED4B} = {9DA6CF4A-F4C3-4AB5-B455-A34A2694A712}
		{7A017021-5C3D-4063-9AAF-22FABE6174DE} = {9DA6CF4A-F4C3-4AB5-B455-A34A2694A712}
		{44048EBF-D30A-401C-A781-AF687C0768F5} = {7A017021-5C3D-4063-9AAF-22FABE6174DE}
		{E9800EA9-0AEA-486C-BC82-16422854D8B2} = {FA39AD83-D2B1-461C-A082-6161F78122AC}
		{F6F9EE9B-0431-4F90-8C2C-A52AF8AB78B6} = {0B72B0D4-BD40-43F3-8AFD-0D4E620EF362}
		{DBDD1B33-191A-4CA6-950F-DE2EC8A8776C} = {F6F9EE9B-0431-4F90-8C2C-A52AF8AB78B6}
		{296AD621-A18D-440D-A24E-5934E317BB92} = {3BF81005-25B9-4D31-A906-38AAC3C9BAE9}
		{B7B25DAF-8758-4C3A-B19D-6FE3DED9B3BA} = {3BF81005-25B9-4D31-A906-38AAC3C9BAE9}
	EndGlobalSection
	GlobalSection(ExtensibilityGlobals) = postSolution
		SolutionGuid = {35AC430D-80F1-4F29-AE09-D9D509C859A1}
	EndGlobalSection
EndGlobal
